<?xml version="1.0" encoding="utf-8"?>
<Project ToolsVersion="4.0" xmlns="http://schemas.microsoft.com/developer/msbuild/2003">
  <ItemGroup>
    <Filter Include="Source Files">
      <UniqueIdentifier>{79cca767-9a87-4c25-810a-4fe63147f23d}</UniqueIdentifier>
    </Filter>
    <Filter Include="Generated Files">
      <UniqueIdentifier>{ae9eb562-6853-4f32-88a5-25d7bb8445c6}</UniqueIdentifier>
      <SourceControlFiles>False</SourceControlFiles>
    </Filter>
  </ItemGroup>
  <ItemGroup>
    <None Include="NativePusherps.def" />
  </ItemGroup>
  <ItemGroup>
    <ClCompile Include="NativePusher_i.c">
      <Filter>Generated Files</Filter>
    </ClCompile>
    <ClCompile Include="NativePusher_p.c">
      <Filter>Generated Files</Filter>
    </ClCompile>
    <ClCompile Include="dlldata.c">
      <Filter>Generated Files</Filter>
    </ClCompile>
  </ItemGroup>
</Project>